
Microsoft Visual Studio Solution File, Format Version 12.00
# Visual Studio 15
VisualStudioVersion = 15.0.26430.6
MinimumVisualStudioVersion = 10.0.40219.1
Project("{FAE04EC0-301F-11D3-BF4B-00C04F79EFBC}") = "MachineBox.Win", "MachineBox.Win\MachineBox.Win.csproj", "{9D706059-7469-4376-A2FE-B8D59B7225D1}"
EndProject
Project("{FAE04EC0-301F-11D3-BF4B-00C04F79EFBC}") = "MachineBox.SelfHost", "MachineBox.SelfHost\MachineBox.SelfHost.csproj", "{6EBD5C27-E549-4C46-B2A4-9C52A864F28A}"
EndProject
Project("{FAE04EC0-301F-11D3-BF4B-00C04F79EFBC}") = "MachineBox.Core", "MachineBox.Core\MachineBox.Core.csproj", "{791C16CC-9C45-4F60-9DBD-D9D7D4EAEA53}"
EndProject
Global
	GlobalSection(SolutionConfigurationPlatforms) = preSolution
		Debug|Any CPU = Debug|Any CPU
		Release|Any CPU = Release|Any CPU
	EndGlobalSection
	GlobalSection(ProjectConfigurationPlatforms) = postSolution
		{9D706059-7469-4376-A2FE-B8D59B7225D1}.Debug|Any CPU.ActiveCfg = Debug|Any CPU
		{9D706059-7469-4376-A2FE-B8D59B7225D1}.Debug|Any CPU.Build.0 = Debug|Any CPU
		{9D706059-7469-4376-A2FE-B8D59B7225D1}.Release|Any CPU.ActiveCfg = Release|Any CPU
		{9D706059-7469-4376-A2FE-B8D59B7225D1}.Release|Any CPU.Build.0 = Release|Any CPU
		{6EBD5C27-E549-4C46-B2A4-9C52A864F28A}.Debug|Any CPU.ActiveCfg = Debug|Any CPU
		{6EBD5C27-E549-4C46-B2A4-9C52A864F28A}.Debug|Any CPU.Build.0 = Debug|Any CPU
		{6EBD5C27-E549-4C46-B2A4-9C52A864F28A}.Release|Any CPU.ActiveCfg = Release|Any CPU
		{6EBD5C27-E549-4C46-B2A4-9C52A864F28A}.Release|Any CPU.Build.0 = Release|Any CPU
		{791C16CC-9C45-4F60-9DBD-D9D7D4EAEA53}.Debug|Any CPU.ActiveCfg = Debug|Any CPU
		{791C16CC-9C45-4F60-9DBD-D9D7D4EAEA53}.Debug|Any CPU.Build.0 = Debug|Any CPU
		{791C16CC-9C45-4F60-9DBD-D9D7D4EAEA53}.Release|Any CPU.ActiveCfg = Release|Any CPU
		{791C16CC-9C45-4F60-9DBD-D9D7D4EAEA53}.Release|Any CPU.Build.0 = Release|Any CPU
	EndGlobalSection
	GlobalSection(SolutionProperties) = preSolution
		HideSolutionNode = FALSE
	EndGlobalSection
EndGlobal
